#MicroXplorer Configuration settings - do not modify
ADC1.Channel-0\#ChannelRegularConversion=ADC_CHANNEL_4
ADC1.ClockPrescaler=ADC_CLOCK_SYNC_PCLK_DIV4
ADC1.ContinuousConvMode=DISABLE
ADC1.DMAContinuousRequests=DISABLE
ADC1.DataAlign=ADC_DATAALIGN_RIGHT
ADC1.DiscontinuousConvMode=DISABLE
ADC1.EOCSelection=ADC_EOC_SINGLE_CONV
ADC1.EnableAnalogWatchDog=false
ADC1.ExternalTrigConvEdge=ADC_EXTERNALTRIGCONVEDGE_NONE
ADC1.IPParameters=Rank-0\#ChannelRegularConversion,Channel-0\#ChannelRegularConversion,SamplingTime-0\#ChannelRegularConversion,NbrOfConversionFlag,master,ClockPrescaler,Resolution,DataAlign,ScanConvMode,ContinuousConvMode,DiscontinuousConvMode,DMAContinuousRequests,EOCSelection,NbrOfConversion,ExternalTrigConvEdge,InjNumberOfConversion,EnableAnalogWatchDog
ADC1.InjNumberOfConversion=0
ADC1.NbrOfConversion=1
ADC1.NbrOfConversionFlag=1
ADC1.Rank-0\#ChannelRegularConversion=1
ADC1.Resolution=ADC_RESOLUTION_12B
ADC1.SamplingTime-0\#ChannelRegularConversion=ADC_SAMPLETIME_3CYCLES
ADC1.ScanConvMode=DISABLE
ADC1.master=1
CAN1.ABOM=DISABLE
CAN1.BS1=CAN_BS1_13TQ
CAN1.BS2=CAN_BS2_2TQ
CAN1.CalculateTimeBit=8000
CAN1.CalculateTimeQuantum=500.0
CAN1.IPParameters=CalculateTimeQuantum,CalculateTimeBit,BS1,BS2,ABOM,Mode,Prescaler,SJW
CAN1.Mode=CAN_MODE_LOOPBACK
CAN1.Prescaler=21
CAN1.SJW=CAN_SJW_1TQ
Dma.Request0=UART4_TX
Dma.Request1=UART4_RX
Dma.RequestsNb=2
Dma.UART4_RX.1.Direction=DMA_PERIPH_TO_MEMORY
Dma.UART4_RX.1.FIFOMode=DMA_FIFOMODE_DISABLE
Dma.UART4_RX.1.Instance=DMA1_Stream2
Dma.UART4_RX.1.MemDataAlignment=DMA_MDATAALIGN_BYTE
Dma.UART4_RX.1.MemInc=DMA_MINC_ENABLE
Dma.UART4_RX.1.Mode=DMA_NORMAL
Dma.UART4_RX.1.PeriphDataAlignment=DMA_PDATAALIGN_BYTE
Dma.UART4_RX.1.PeriphInc=DMA_PINC_DISABLE
Dma.UART4_RX.1.Priority=DMA_PRIORITY_LOW
Dma.UART4_RX.1.RequestParameters=Instance,Direction,PeriphInc,MemInc,PeriphDataAlignment,MemDataAlignment,Mode,Priority,FIFOMode
Dma.UART4_TX.0.Direction=DMA_MEMORY_TO_PERIPH
Dma.UART4_TX.0.FIFOMode=DMA_FIFOMODE_DISABLE
Dma.UART4_TX.0.Instance=DMA1_Stream4
Dma.UART4_TX.0.MemDataAlignment=DMA_MDATAALIGN_BYTE
Dma.UART4_TX.0.MemInc=DMA_MINC_ENABLE
Dma.UART4_TX.0.Mode=DMA_NORMAL
Dma.UART4_TX.0.PeriphDataAlignment=DMA_PDATAALIGN_BYTE
Dma.UART4_TX.0.PeriphInc=DMA_PINC_DISABLE
Dma.UART4_TX.0.Priority=DMA_PRIORITY_LOW
Dma.UART4_TX.0.RequestParameters=Instance,Direction,PeriphInc,MemInc,PeriphDataAlignment,MemDataAlignment,Mode,Priority,FIFOMode
FREERTOS.FootprintOK=true
FREERTOS.IPParameters=Tasks01,configUSE_TIMERS,configGENERATE_RUN_TIME_STATS,FootprintOK
FREERTOS.Tasks01=defaultTask,0,128,StartDefaultTask,Default
FREERTOS.configGENERATE_RUN_TIME_STATS=1
FREERTOS.configUSE_TIMERS=1
File.Version=6
I2C1.ClockSpeed=80000
I2C1.IPParameters=ClockSpeed
KeepUserPlacement=false
Mcu.Family=STM32F4
Mcu.IP0=ADC1
Mcu.IP1=CAN1
Mcu.IP2=DMA
Mcu.IP3=FREERTOS
Mcu.IP4=I2C1
Mcu.IP5=NVIC
Mcu.IP6=RCC
Mcu.IP7=SYS
Mcu.IP8=UART4
Mcu.IP9=USB_OTG_FS
Mcu.IPNb=10
Mcu.Name=STM32F405RGTx
Mcu.Package=LQFP64
Mcu.Pin0=PH0-OSC_IN
Mcu.Pin1=PH1-OSC_OUT
Mcu.Pin10=PB12
Mcu.Pin11=PB13
Mcu.Pin12=PB14
Mcu.Pin13=PB15
Mcu.Pin14=PA9
Mcu.Pin15=PA10
Mcu.Pin16=PA11
Mcu.Pin17=PA12
Mcu.Pin18=PA13
Mcu.Pin19=PA14
Mcu.Pin2=PC0
Mcu.Pin20=PA15
Mcu.Pin21=PC10
Mcu.Pin22=PC11
Mcu.Pin23=PB3
Mcu.Pin24=PB6
Mcu.Pin25=PB7
Mcu.Pin26=PB8
Mcu.Pin27=PB9
Mcu.Pin28=VP_ADC1_Vbat_Input
Mcu.Pin29=VP_FREERTOS_VS_ENABLE
Mcu.Pin3=PA4
Mcu.Pin30=VP_SYS_VS_tim1
Mcu.Pin4=PC4
Mcu.Pin5=PC5
Mcu.Pin6=PB0
Mcu.Pin7=PB1
Mcu.Pin8=PB2
Mcu.Pin9=PB10
Mcu.PinsNb=31
Mcu.UserConstants=
Mcu.UserName=STM32F405RGTx
MxCube.Version=4.17.0
MxDb.Version=DB.4.0.170
NVIC.BusFault_IRQn=true\:0\:0\:false\:false\:true\:false
NVIC.CAN1_RX0_IRQn=true\:8\:0\:true\:false\:true\:true
NVIC.CAN1_RX1_IRQn=true\:8\:0\:true\:false\:true\:true
NVIC.CAN1_SCE_IRQn=true\:9\:0\:true\:false\:true\:true
NVIC.CAN1_TX_IRQn=true\:8\:0\:true\:false\:true\:true
NVIC.DMA1_Stream2_IRQn=true\:5\:0\:false\:false\:true\:true
NVIC.DMA1_Stream4_IRQn=true\:5\:0\:false\:false\:true\:true
NVIC.DebugMonitor_IRQn=true\:0\:0\:false\:false\:true\:false
NVIC.EXTI0_IRQn=true\:7\:0\:true\:false\:true\:true
NVIC.EXTI15_10_IRQn=true\:7\:0\:true\:false\:true\:true
NVIC.EXTI1_IRQn=true\:7\:0\:true\:false\:true\:true
NVIC.EXTI2_IRQn=true\:7\:0\:true\:false\:true\:true
NVIC.EXTI4_IRQn=true\:7\:0\:true\:false\:true\:true
NVIC.EXTI9_5_IRQn=true\:7\:0\:true\:false\:true\:true
NVIC.HardFault_IRQn=true\:0\:0\:false\:false\:true\:false
NVIC.I2C1_ER_IRQn=true\:6\:0\:true\:false\:true\:true
NVIC.I2C1_EV_IRQn=true\:6\:0\:true\:false\:true\:true
NVIC.MemoryManagement_IRQn=true\:0\:0\:false\:false\:true\:false
NVIC.NonMaskableInt_IRQn=true\:0\:0\:false\:false\:true\:false
NVIC.PendSV_IRQn=true\:15\:0\:false\:false\:false\:true
NVIC.PriorityGroup=NVIC_PRIORITYGROUP_4
NVIC.SVCall_IRQn=true\:0\:0\:false\:false\:false\:false
NVIC.SysTick_IRQn=true\:15\:0\:false\:false\:true\:true
NVIC.TIM1_UP_TIM10_IRQn=true\:0\:0\:false\:false\:true\:false
NVIC.TimeBase=TIM1_UP_TIM10_IRQn
NVIC.TimeBaseIP=TIM1
NVIC.UART4_IRQn=true\:5\:0\:false\:false\:true\:true
NVIC.UsageFault_IRQn=true\:0\:0\:false\:false\:true\:false
PA10.Mode=OTG/Dual_Role_Device
PA10.Signal=USB_OTG_FS_ID
PA11.Mode=OTG/Dual_Role_Device
PA11.Signal=USB_OTG_FS_DM
PA12.Mode=OTG/Dual_Role_Device
PA12.Signal=USB_OTG_FS_DP
PA13.Mode=Trace_Asynchronous_SW
PA13.Signal=SYS_JTMS-SWDIO
PA14.Mode=Trace_Asynchronous_SW
PA14.Signal=SYS_JTCK-SWCLK
PA15.GPIOParameters=GPIO_Label
PA15.GPIO_Label=eDIP_Reset
PA15.Locked=true
PA15.Signal=GPIO_Output
PA4.GPIOParameters=GPIO_Label
PA4.GPIO_Label=ADC1_Clutch
PA4.Locked=true
PA4.Signal=ADCx_IN4
PA9.Mode=Activate_VBUS
PA9.Signal=USB_OTG_FS_VBUS
PB0.GPIOParameters=GPIO_Label
PB0.GPIO_Label=MAX_Shift_Up
PB0.Locked=true
PB0.Signal=GPXTI0
PB1.GPIOParameters=GPIO_Label
PB1.GPIO_Label=MAX_Plus
PB1.Locked=true
PB1.Signal=GPXTI1
PB10.GPIOParameters=GPIO_Label,GPIO_ModeDefaultEXTI
PB10.GPIO_Label=nMAX_CH
PB10.GPIO_ModeDefaultEXTI=GPIO_MODE_IT_FALLING
PB10.Locked=true
PB10.Signal=GPXTI10
PB12.GPIOParameters=GPIO_PuPd,GPIO_Label
PB12.GPIO_Label=LED_0
PB12.GPIO_PuPd=GPIO_PULLUP
PB12.Locked=true
PB12.Signal=GPIO_Output
PB13.GPIOParameters=GPIO_PuPd,GPIO_Label
PB13.GPIO_Label=LED_1
PB13.GPIO_PuPd=GPIO_PULLUP
PB13.Locked=true
PB13.Signal=GPIO_Output
PB14.GPIOParameters=GPIO_PuPd,GPIO_Label
PB14.GPIO_Label=LED_2
PB14.GPIO_PuPd=GPIO_PULLUP
PB14.Locked=true
PB14.Signal=GPIO_Output
PB15.GPIOParameters=GPIO_PuPd,GPIO_Label
PB15.GPIO_Label=LED_3
PB15.GPIO_PuPd=GPIO_PULLUP
PB15.Locked=true
PB15.Signal=GPIO_Output
PB2.GPIOParameters=GPIO_Label
PB2.GPIO_Label=MAX_Enter
PB2.Locked=true
PB2.Signal=GPXTI2
PB3.Mode=Trace_Asynchronous_SW
PB3.Signal=SYS_JTDO-SWO
PB6.Locked=true
PB6.Mode=I2C
PB6.Signal=I2C1_SCL
PB7.Locked=true
PB7.Mode=I2C
PB7.Signal=I2C1_SDA
PB8.Locked=true
PB8.Mode=Master
PB8.Signal=CAN1_RX
PB9.Locked=true
PB9.Mode=Master
PB9.Signal=CAN1_TX
PC0.GPIOParameters=GPIO_Label
PC0.GPIO_Label=EN_5V
PC0.Locked=true
PC0.Signal=GPIO_Output
PC10.Locked=true
PC10.Mode=Asynchronous
PC10.Signal=UART4_TX
PC11.Locked=true
PC11.Mode=Asynchronous
PC11.Signal=UART4_RX
PC4.GPIOParameters=GPIO_Label
PC4.GPIO_Label=MAX_SHIFT_DOWN
PC4.Locked=true
PC4.Signal=GPXTI4
PC5.GPIOParameters=GPIO_Label
PC5.GPIO_Label=MAX_MINUS
PC5.Locked=true
PC5.Signal=GPXTI5
PCC.Checker=false
PCC.Line=STM32F405/415
PCC.MCU=STM32F405RGTx
PCC.MXVersion=4.17.0
PCC.PartNumber=STM32F405RGTx
PCC.Seq0=0
PCC.Series=STM32F4
PCC.Temperature=25
PCC.Vdd=3.3
PH0-OSC_IN.Mode=HSE-External-Oscillator
PH0-OSC_IN.Signal=RCC_OSC_IN
PH1-OSC_OUT.Mode=HSE-External-Oscillator
PH1-OSC_OUT.Signal=RCC_OSC_OUT
ProjectManager.AskForMigrate=true
ProjectManager.BackupPrevious=false
ProjectManager.CompilerOptimize=2
ProjectManager.ComputerToolchain=false
ProjectManager.CoupleFile=true
ProjectManager.DeletePrevious=true
ProjectManager.DeviceId=STM32F405RGTx
ProjectManager.FirmwarePackage=STM32Cube FW_F4 V1.13.1
ProjectManager.FreePins=false
ProjectManager.HalAssertFull=false
ProjectManager.HeapSize=0x200
ProjectManager.KeepUserCode=true
ProjectManager.LastFirmware=true
ProjectManager.LibraryCopy=1
ProjectManager.PreviousToolchain=
ProjectManager.ProjectBuild=false
ProjectManager.ProjectFileName=SteeringWheelV3.ioc
ProjectManager.ProjectName=SteeringWheelV3
ProjectManager.StackSize=0x400
ProjectManager.TargetToolchain=TrueSTUDIO
ProjectManager.ToolChainLocation=D\:\\manuel\\workspace\\layouts.git\\firmware\\SteeringWheelV3
ProjectManager.UnderRoot=false
ProjectManager.functionlistsort=1-MX_GPIO_Init-GPIO-false-HAL,2-MX_DMA_Init-DMA-false-HAL,3-SystemClock_Config-RCC-false-HAL,4-MX_ADC1_Init-ADC1-false-HAL,5-MX_CAN1_Init-CAN1-false-HAL,6-MX_I2C1_Init-I2C1-false-HAL,7-MX_UART4_Init-UART4-false-HAL,8-MX_USB_OTG_FS_USB_Init-USB_OTG_FS-false-HAL
RCC.48MHZClocksFreq_Value=48000000
RCC.AHBFreq_Value=168000000
RCC.APB1CLKDivider=RCC_HCLK_DIV4
RCC.APB1Freq_Value=42000000
RCC.APB1TimFreq_Value=84000000
RCC.APB2CLKDivider=RCC_HCLK_DIV2
RCC.APB2Freq_Value=84000000
RCC.APB2TimFreq_Value=168000000
RCC.CortexFreq_Value=168000000
RCC.EthernetFreq_Value=168000000
RCC.FCLKCortexFreq_Value=168000000
RCC.FamilyName=M
RCC.HCLKFreq_Value=168000000
RCC.HSE_VALUE=25000000
RCC.HSI_VALUE=16000000
RCC.I2SClocksFreq_Value=96000000
RCC.IPParameters=48MHZClocksFreq_Value,AHBFreq_Value,APB1CLKDivider,APB1Freq_Value,APB1TimFreq_Value,APB2CLKDivider,APB2Freq_Value,APB2TimFreq_Value,CortexFreq_Value,EthernetFreq_Value,FCLKCortexFreq_Value,FamilyName,HCLKFreq_Value,HSE_VALUE,HSI_VALUE,I2SClocksFreq_Value,LSE_VALUE,LSI_VALUE,MCO2PinFreq_Value,PLLCLKFreq_Value,PLLM,PLLN,PLLQ,PLLQCLKFreq_Value,RTCFreq_Value,RTCHSEDivFreq_Value,SYSCLKFreq_VALUE,SYSCLKSource,VCOI2SOutputFreq_Value,VCOInputFreq_Value,VCOOutputFreq_Value,VcooutputI2S
RCC.LSE_VALUE=32768
RCC.LSI_VALUE=32000
RCC.MCO2PinFreq_Value=168000000
RCC.PLLCLKFreq_Value=168000000
RCC.PLLM=25
RCC.PLLN=336
RCC.PLLQ=7
RCC.PLLQCLKFreq_Value=48000000
RCC.RTCFreq_Value=32000
RCC.RTCHSEDivFreq_Value=12500000
RCC.SYSCLKFreq_VALUE=168000000
RCC.SYSCLKSource=RCC_SYSCLKSOURCE_PLLCLK
RCC.VCOI2SOutputFreq_Value=192000000
RCC.VCOInputFreq_Value=1000000
RCC.VCOOutputFreq_Value=336000000
RCC.VcooutputI2S=96000000
SH.ADCx_IN4.0=ADC1_IN4,IN4
SH.ADCx_IN4.ConfNb=1
SH.GPXTI0.0=GPIO_EXTI0
SH.GPXTI0.ConfNb=1
SH.GPXTI1.0=GPIO_EXTI1
SH.GPXTI1.ConfNb=1
SH.GPXTI10.0=GPIO_EXTI10
SH.GPXTI10.ConfNb=1
SH.GPXTI2.0=GPIO_EXTI2
SH.GPXTI2.ConfNb=1
SH.GPXTI4.0=GPIO_EXTI4
SH.GPXTI4.ConfNb=1
SH.GPXTI5.0=GPIO_EXTI5
SH.GPXTI5.ConfNb=1
VP_ADC1_Vbat_Input.Mode=IN-Vbat
VP_ADC1_Vbat_Input.Signal=ADC1_Vbat_Input
VP_FREERTOS_VS_ENABLE.Mode=Enabled
VP_FREERTOS_VS_ENABLE.Signal=FREERTOS_VS_ENABLE
VP_SYS_VS_tim1.Mode=TIM1
VP_SYS_VS_tim1.Signal=SYS_VS_tim1
board=SteeringWheelV3
